
Microsoft Visual Studio Solution File, Format Version 12.00
# Visual Studio Version 17
VisualStudioVersion = 17.3.32922.545
MinimumVisualStudioVersion = 10.0.40219.1
Project("{888888A0-9F3D-457C-B088-3A5042F75D52}") = "GA_FINAL", "GA_FINAL\GA_FINAL.pyproj", "{82C5E543-D213-4E57-9A9A-06C8D0B554FB}"
EndProject
Global
	GlobalSection(SolutionConfigurationPlatforms) = preSolution
		Debug|Any CPU = Debug|Any CPU
		Release|Any CPU = Release|Any CPU
	EndGlobalSection
	GlobalSection(ProjectConfigurationPlatforms) = postSolution
		{82C5E543-D213-4E57-9A9A-06C8D0B554FB}.Debug|Any CPU.ActiveCfg = Debug|Any CPU
		{82C5E543-D213-4E57-9A9A-06C8D0B554FB}.Release|Any CPU.ActiveCfg = Release|Any CPU
	EndGlobalSection
	GlobalSection(SolutionProperties) = preSolution
		HideSolutionNode = FALSE
	EndGlobalSection
	GlobalSection(ExtensibilityGlobals) = postSolution
		SolutionGuid = {45F2DE6C-DEB1-4D3D-8007-CE4601CE056D}
	EndGlobalSection
EndGlobal
