
Microsoft Visual Studio Solution File, Format Version 12.00
# Visual Studio Version 17
VisualStudioVersion = 17.3.32922.545
MinimumVisualStudioVersion = 10.0.40219.1
Project("{888888A0-9F3D-457C-B088-3A5042F75D52}") = "GA_project1", "GA_project1\GA_project1.pyproj", "{FCF58FDB-5C29-43DC-AEE0-D7619D911D98}"
EndProject
Global
	GlobalSection(SolutionConfigurationPlatforms) = preSolution
		Debug|Any CPU = Debug|Any CPU
		Release|Any CPU = Release|Any CPU
	EndGlobalSection
	GlobalSection(ProjectConfigurationPlatforms) = postSolution
		{FCF58FDB-5C29-43DC-AEE0-D7619D911D98}.Debug|Any CPU.ActiveCfg = Debug|Any CPU
		{FCF58FDB-5C29-43DC-AEE0-D7619D911D98}.Release|Any CPU.ActiveCfg = Release|Any CPU
	EndGlobalSection
	GlobalSection(SolutionProperties) = preSolution
		HideSolutionNode = FALSE
	EndGlobalSection
	GlobalSection(ExtensibilityGlobals) = postSolution
		SolutionGuid = {4FF77037-3DA1-46DA-92DA-E9EF75C23493}
	EndGlobalSection
EndGlobal
